// !$*UTF8*$!
{
	archiveVersion = 1;
	classes = {
	};
	objectVersion = 46;
	objects = {

/* Begin PBXBuildFile section */
		868679D21AF6995900C2EFA8 /* LaunchScreen.xib in Resources */ = {isa = PBXBuildFile; fileRef = 868679D01AF6995900C2EFA8 /* LaunchScreen.xib */; };
		868679EB1AF69A8000C2EFA8 /* Images.xcassets in Resources */ = {isa = PBXBuildFile; fileRef = 868679E81AF69A8000C2EFA8 /* Images.xcassets */; };
		868679EC1AF69A8000C2EFA8 /* Info.plist in Resources */ = {isa = PBXBuildFile; fileRef = 868679E91AF69A8000C2EFA8 /* Info.plist */; };
		868679ED1AF69A8000C2EFA8 /* main.m in Sources */ = {isa = PBXBuildFile; fileRef = 868679EA1AF69A8000C2EFA8 /* main.m */; };
		868679F11AF69AE300C2EFA8 /* AppDelegate.m in Sources */ = {isa = PBXBuildFile; fileRef = 868679F01AF69AE300C2EFA8 /* AppDelegate.m */; };
		868679F51AF69B3600C2EFA8 /* KCClockViewController.m in Sources */ = {isa = PBXBuildFile; fileRef = 868679F41AF69B3600C2EFA8 /* KCClockViewController.m */; };
		868679F91AF69F9300C2EFA8 /* KCCharacterView.m in Sources */ = {isa = PBXBuildFile; fileRef = 868679F81AF69F9300C2EFA8 /* KCCharacterView.m */; };
		A47A447117D35F6B5A6DA503 /* libPods.a in Frameworks */ = {isa = PBXBuildFile; fileRef = 97064E658F7A481890EE4A8C /* libPods.a */; };
/* End PBXBuildFile section */

/* Begin PBXFileReference section */
		868679BE1AF6995900C2EFA8 /* KoreanClock.app */ = {isa = PBXFileReference; explicitFileType = wrapper.application; includeInIndex = 0; path = KoreanClock.app; sourceTree = BUILT_PRODUCTS_DIR; };
		868679D11AF6995900C2EFA8 /* Base */ = {isa = PBXFileReference; lastKnownFileType = file.xib; name = Base; path = Base.lproj/LaunchScreen.xib; sourceTree = "<group>"; };
		868679E81AF69A8000C2EFA8 /* Images.xcassets */ = {isa = PBXFileReference; lastKnownFileType = folder.assetcatalog; path = Images.xcassets; sourceTree = "<group>"; };
		868679E91AF69A8000C2EFA8 /* Info.plist */ = {isa = PBXFileReference; fileEncoding = 4; lastKnownFileType = text.plist.xml; path = Info.plist; sourceTree = "<group>"; };
		868679EA1AF69A8000C2EFA8 /* main.m */ = {isa = PBXFileReference; fileEncoding = 4; lastKnownFileType = sourcecode.c.objc; path = main.m; sourceTree = "<group>"; };
		868679EF1AF69AE300C2EFA8 /* AppDelegate.h */ = {isa = PBXFileReference; fileEncoding = 4; lastKnownFileType = sourcecode.c.h; path = AppDelegate.h; sourceTree = "<group>"; };
		868679F01AF69AE300C2EFA8 /* AppDelegate.m */ = {isa = PBXFileReference; fileEncoding = 4; lastKnownFileType = sourcecode.c.objc; path = AppDelegate.m; sourceTree = "<group>"; };
		868679F31AF69B3600C2EFA8 /* KCClockViewController.h */ = {isa = PBXFileReference; fileEncoding = 4; lastKnownFileType = sourcecode.c.h; path = KCClockViewController.h; sourceTree = "<group>"; };
		868679F41AF69B3600C2EFA8 /* KCClockViewController.m */ = {isa = PBXFileReference; fileEncoding = 4; lastKnownFileType = sourcecode.c.objc; path = KCClockViewController.m; sourceTree = "<group>"; };
		868679F71AF69F9300C2EFA8 /* KCCharacterView.h */ = {isa = PBXFileReference; fileEncoding = 4; lastKnownFileType = sourcecode.c.h; path = KCCharacterView.h; sourceTree = "<group>"; };
		868679F81AF69F9300C2EFA8 /* KCCharacterView.m */ = {isa = PBXFileReference; fileEncoding = 4; lastKnownFileType = sourcecode.c.objc; path = KCCharacterView.m; sourceTree = "<group>"; };
		92D27B036FFA9A784B642CA2 /* Pods.debug.xcconfig */ = {isa = PBXFileReference; includeInIndex = 1; lastKnownFileType = text.xcconfig; name = Pods.debug.xcconfig; path = "Pods/Target Support Files/Pods/Pods.debug.xcconfig"; sourceTree = "<group>"; };
		97064E658F7A481890EE4A8C /* libPods.a */ = {isa = PBXFileReference; explicitFileType = archive.ar; includeInIndex = 0; path = libPods.a; sourceTree = BUILT_PRODUCTS_DIR; };
		A8EB4B66FD862019B4E17408 /* Pods.release.xcconfig */ = {isa = PBXFileReference; includeInIndex = 1; lastKnownFileType = text.xcconfig; name = Pods.release.xcconfig; path = "Pods/Target Support Files/Pods/Pods.release.xcconfig"; sourceTree = "<group>"; };
/* End PBXFileReference section */

/* Begin PBXFrameworksBuildPhase section */
		868679BB1AF6995900C2EFA8 /* Frameworks */ = {
			isa = PBXFrameworksBuildPhase;
			buildActionMask = 2147483647;
			files = (
				A47A447117D35F6B5A6DA503 /* libPods.a in Frameworks */,
			);
			runOnlyForDeploymentPostprocessing = 0;
		};
/* End PBXFrameworksBuildPhase section */

/* Begin PBXGroup section */
		7D106E44374BD1F415AE5DB1 /* Frameworks */ = {
			isa = PBXGroup;
			children = (
				97064E658F7A481890EE4A8C /* libPods.a */,
			);
			name = Frameworks;
			sourceTree = "<group>";
		};
		868679B51AF6995900C2EFA8 = {
			isa = PBXGroup;
			children = (
				868679C01AF6995900C2EFA8 /* KoreanClock */,
				868679BF1AF6995900C2EFA8 /* Products */,
				E48EB0CD101355F57DC40C31 /* Pods */,
				7D106E44374BD1F415AE5DB1 /* Frameworks */,
			);
			sourceTree = "<group>";
		};
		868679BF1AF6995900C2EFA8 /* Products */ = {
			isa = PBXGroup;
			children = (
				868679BE1AF6995900C2EFA8 /* KoreanClock.app */,
			);
			name = Products;
			sourceTree = "<group>";
		};
		868679C01AF6995900C2EFA8 /* KoreanClock */ = {
			isa = PBXGroup;
			children = (
				868679EE1AF69AE300C2EFA8 /* AppDelegate */,
				868679F61AF69F7D00C2EFA8 /* KCCharacterView */,
				868679F21AF69B2C00C2EFA8 /* KCClockViewController */,
				868679E71AF69A8000C2EFA8 /* Supporting Files */,
				868679D01AF6995900C2EFA8 /* LaunchScreen.xib */,
			);
			path = KoreanClock;
			sourceTree = "<group>";
		};
		868679E71AF69A8000C2EFA8 /* Supporting Files */ = {
			isa = PBXGroup;
			children = (
				868679E81AF69A8000C2EFA8 /* Images.xcassets */,
				868679E91AF69A8000C2EFA8 /* Info.plist */,
				868679EA1AF69A8000C2EFA8 /* main.m */,
			);
			path = "Supporting Files";
			sourceTree = "<group>";
		};
		868679EE1AF69AE300C2EFA8 /* AppDelegate */ = {
			isa = PBXGroup;
			children = (
				868679EF1AF69AE300C2EFA8 /* AppDelegate.h */,
				868679F01AF69AE300C2EFA8 /* AppDelegate.m */,
			);
			path = AppDelegate;
			sourceTree = "<group>";
		};
		868679F21AF69B2C00C2EFA8 /* KCClockViewController */ = {
			isa = PBXGroup;
			children = (
				868679F31AF69B3600C2EFA8 /* KCClockViewController.h */,
				868679F41AF69B3600C2EFA8 /* KCClockViewController.m */,
			);
			path = KCClockViewController;
			sourceTree = "<group>";
		};
		868679F61AF69F7D00C2EFA8 /* KCCharacterView */ = {
			isa = PBXGroup;
			children = (
				868679F71AF69F9300C2EFA8 /* KCCharacterView.h */,
				868679F81AF69F9300C2EFA8 /* KCCharacterView.m */,
			);
			path = KCCharacterView;
			sourceTree = "<group>";
		};
		E48EB0CD101355F57DC40C31 /* Pods */ = {
			isa = PBXGroup;
			children = (
				92D27B036FFA9A784B642CA2 /* Pods.debug.xcconfig */,
				A8EB4B66FD862019B4E17408 /* Pods.release.xcconfig */,
			);
			name = Pods;
			sourceTree = "<group>";
		};
/* End PBXGroup section */

/* Begin PBXNativeTarget section */
		868679BD1AF6995900C2EFA8 /* KoreanClock */ = {
			isa = PBXNativeTarget;
			buildConfigurationList = 868679E11AF6995900C2EFA8 /* Build configuration list for PBXNativeTarget "KoreanClock" */;
			buildPhases = (
				30614914A22478FBD9DC65AF /* Check Pods Manifest.lock */,
				868679BA1AF6995900C2EFA8 /* Sources */,
				868679BB1AF6995900C2EFA8 /* Frameworks */,
				868679BC1AF6995900C2EFA8 /* Resources */,
				BD1CDEF6F3BBE598D1CD8ABA /* Copy Pods Resources */,
			);
			buildRules = (
			);
			dependencies = (
			);
			name = KoreanClock;
			productName = KoreanClock;
			productReference = 868679BE1AF6995900C2EFA8 /* KoreanClock.app */;
			productType = "com.apple.product-type.application";
		};
/* End PBXNativeTarget section */

/* Begin PBXProject section */
		868679B61AF6995900C2EFA8 /* Project object */ = {
			isa = PBXProject;
			attributes = {
				LastUpgradeCheck = 0630;
				ORGANIZATIONNAME = USAIU;
				TargetAttributes = {
					868679BD1AF6995900C2EFA8 = {
						CreatedOnToolsVersion = 6.3.1;
					};
				};
			};
			buildConfigurationList = 868679B91AF6995900C2EFA8 /* Build configuration list for PBXProject "KoreanClock" */;
			compatibilityVersion = "Xcode 3.2";
			developmentRegion = English;
			hasScannedForEncodings = 0;
			knownRegions = (
				en,
				Base,
			);
			mainGroup = 868679B51AF6995900C2EFA8;
			productRefGroup = 868679BF1AF6995900C2EFA8 /* Products */;
			projectDirPath = "";
			projectRoot = "";
			targets = (
				868679BD1AF6995900C2EFA8 /* KoreanClock */,
			);
		};
/* End PBXProject section */

/* Begin PBXResourcesBuildPhase section */
		868679BC1AF6995900C2EFA8 /* Resources */ = {
			isa = PBXResourcesBuildPhase;
			buildActionMask = 2147483647;
			files = (
				868679EC1AF69A8000C2EFA8 /* Info.plist in Resources */,
				868679EB1AF69A8000C2EFA8 /* Images.xcassets in Resources */,
				868679D21AF6995900C2EFA8 /* LaunchScreen.xib in Resources */,
			);
			runOnlyForDeploymentPostprocessing = 0;
		};
/* End PBXResourcesBuildPhase section */

/* Begin PBXShellScriptBuildPhase section */
		30614914A22478FBD9DC65AF /* Check Pods Manifest.lock */ = {
			isa = PBXShellScriptBuildPhase;
			buildActionMask = 2147483647;
			files = (
			);
			inputPaths = (
			);
			name = "Check Pods Manifest.lock";
			outputPaths = (
			);
			runOnlyForDeploymentPostprocessing = 0;
			shellPath = /bin/sh;
			shellScript = "diff \"${PODS_ROOT}/../Podfile.lock\" \"${PODS_ROOT}/Manifest.lock\" > /dev/null\nif [[ $? != 0 ]] ; then\n    cat << EOM\nerror: The sandbox is not in sync with the Podfile.lock. Run 'pod install' or update your CocoaPods installation.\nEOM\n    exit 1\nfi\n";
			showEnvVarsInLog = 0;
		};
		BD1CDEF6F3BBE598D1CD8ABA /* Copy Pods Resources */ = {
			isa = PBXShellScriptBuildPhase;
			buildActionMask = 2147483647;
			files = (
			);
			inputPaths = (
			);
			name = "Copy Pods Resources";
			outputPaths = (
			);
			runOnlyForDeploymentPostprocessing = 0;
			shellPath = /bin/sh;
			shellScript = "\"${SRCROOT}/Pods/Target Support Files/Pods/Pods-resources.sh\"\n";
			showEnvVarsInLog = 0;
		};
/* End PBXShellScriptBuildPhase section */

/* Begin PBXSourcesBuildPhase section */
		868679BA1AF6995900C2EFA8 /* Sources */ = {
			isa = PBXSourcesBuildPhase;
			buildActionMask = 2147483647;
			files = (
				868679F51AF69B3600C2EFA8 /* KCClockViewController.m in Sources */,
				868679F11AF69AE300C2EFA8 /* AppDelegate.m in Sources */,
				868679F91AF69F9300C2EFA8 /* KCCharacterView.m in Sources */,
				868679ED1AF69A8000C2EFA8 /* main.m in Sources */,
			);
			runOnlyForDeploymentPostprocessing = 0;
		};
/* End PBXSourcesBuildPhase section */

/* Begin PBXVariantGroup section */
		868679D01AF6995900C2EFA8 /* LaunchScreen.xib */ = {
			isa = PBXVariantGroup;
			children = (
				868679D11AF6995900C2EFA8 /* Base */,
			);
			name = LaunchScreen.xib;
			sourceTree = "<group>";
		};
/* End PBXVariantGroup section */

/* Begin XCBuildConfiguration section */
		868679DF1AF6995900C2EFA8 /* Debug */ = {
			isa = XCBuildConfiguration;
			buildSettings = {
				ALWAYS_SEARCH_USER_PATHS = NO;
				CLANG_CXX_LANGUAGE_STANDARD = "gnu++0x";
				CLANG_CXX_LIBRARY = "libc++";
				CLANG_ENABLE_MODULES = YES;
				CLANG_ENABLE_OBJC_ARC = YES;
				CLANG_WARN_BOOL_CONVERSION = YES;
				CLANG_WARN_CONSTANT_CONVERSION = YES;
				CLANG_WARN_DIRECT_OBJC_ISA_USAGE = YES_ERROR;
				CLANG_WARN_EMPTY_BODY = YES;
				CLANG_WARN_ENUM_CONVERSION = YES;
				CLANG_WARN_INT_CONVERSION = YES;
				CLANG_WARN_OBJC_ROOT_CLASS = YES_ERROR;
				CLANG_WARN_UNREACHABLE_CODE = YES;
				CLANG_WARN__DUPLICATE_METHOD_MATCH = YES;
				"CODE_SIGN_IDENTITY[sdk=iphoneos*]" = "iPhone Developer";
				COPY_PHASE_STRIP = NO;
				DEBUG_INFORMATION_FORMAT = "dwarf-with-dsym";
				ENABLE_STRICT_OBJC_MSGSEND = YES;
				GCC_C_LANGUAGE_STANDARD = gnu99;
				GCC_DYNAMIC_NO_PIC = NO;
				GCC_NO_COMMON_BLOCKS = YES;
				GCC_OPTIMIZATION_LEVEL = 0;
				GCC_PREPROCESSOR_DEFINITIONS = (
					"DEBUG=1",
					"$(inherited)",
				);
				GCC_SYMBOLS_PRIVATE_EXTERN = NO;
				GCC_WARN_64_TO_32_BIT_CONVERSION = YES;
				GCC_WARN_ABOUT_RETURN_TYPE = YES_ERROR;
				GCC_WARN_UNDECLARED_SELECTOR = YES;
				GCC_WARN_UNINITIALIZED_AUTOS = YES_AGGRESSIVE;
				GCC_WARN_UNUSED_FUNCTION = YES;
				GCC_WARN_UNUSED_VARIABLE = YES;
				IPHONEOS_DEPLOYMENT_TARGET = 8.0;
				MTL_ENABLE_DEBUG_INFO = YES;
				ONLY_ACTIVE_ARCH = YES;
				SDKROOT = iphoneos;
			};
			name = Debug;
		};
		868679E01AF6995900C2EFA8 /* Release */ = {
			isa = XCBuildConfiguration;
			buildSettings = {
				ALWAYS_SEARCH_USER_PATHS = NO;
				CLANG_CXX_LANGUAGE_STANDARD = "gnu++0x";
				CLANG_CXX_LIBRARY = "libc++";
				CLANG_ENABLE_MODULES = YES;
				CLANG_ENABLE_OBJC_ARC = YES;
				CLANG_WARN_BOOL_CONVERSION = YES;
				CLANG_WARN_CONSTANT_CONVERSION = YES;
				CLANG_WARN_DIRECT_OBJC_ISA_USAGE = YES_ERROR;
				CLANG_WARN_EMPTY_BODY = YES;
				CLANG_WARN_ENUM_CONVERSION = YES;
				CLANG_WARN_INT_CONVERSION = YES;
				CLANG_WARN_OBJC_ROOT_CLASS = YES_ERROR;
				CLANG_WARN_UNREACHABLE_CODE = YES;
				CLANG_WARN__DUPLICATE_METHOD_MATCH = YES;
				"CODE_SIGN_IDENTITY[sdk=iphoneos*]" = "iPhone Developer";
				COPY_PHASE_STRIP = NO;
				DEBUG_INFORMATION_FORMAT = "dwarf-with-dsym";
				ENABLE_NS_ASSERTIONS = NO;
				ENABLE_STRICT_OBJC_MSGSEND = YES;
				GCC_C_LANGUAGE_STANDARD = gnu99;
				GCC_NO_COMMON_BLOCKS = YES;
				GCC_WARN_64_TO_32_BIT_CONVERSION = YES;
				GCC_WARN_ABOUT_RETURN_TYPE = YES_ERROR;
				GCC_WARN_UNDECLARED_SELECTOR = YES;
				GCC_WARN_UNINITIALIZED_AUTOS = YES_AGGRESSIVE;
				GCC_WARN_UNUSED_FUNCTION = YES;
				GCC_WARN_UNUSED_VARIABLE = YES;
				IPHONEOS_DEPLOYMENT_TARGET = 8.0;
				MTL_ENABLE_DEBUG_INFO = NO;
				SDKROOT = iphoneos;
				VALIDATE_PRODUCT = YES;
			};
			name = Release;
		};
		868679E21AF6995900C2EFA8 /* Debug */ = {
			isa = XCBuildConfiguration;
			baseConfigurationReference = 92D27B036FFA9A784B642CA2 /* Pods.debug.xcconfig */;
			buildSettings = {
				ASSETCATALOG_COMPILER_APPICON_NAME = AppIcon;
				INFOPLIST_FILE = "$(SRCROOT)/KoreanClock/Supporting Files/Info.plist";
				LD_RUNPATH_SEARCH_PATHS = "$(inherited) @executable_path/Frameworks";
				PRODUCT_NAME = "$(TARGET_NAME)";
			};
			name = Debug;
		};
		868679E31AF6995900C2EFA8 /* Release */ = {
			isa = XCBuildConfiguration;
			baseConfigurationReference = A8EB4B66FD862019B4E17408 /* Pods.release.xcconfig */;
			buildSettings = {
				ASSETCATALOG_COMPILER_APPICON_NAME = AppIcon;
				INFOPLIST_FILE = "$(SRCROOT)/KoreanClock/Supporting Files/Info.plist";
				LD_RUNPATH_SEARCH_PATHS = "$(inherited) @executable_path/Frameworks";
				PRODUCT_NAME = "$(TARGET_NAME)";
			};
			name = Release;
		};
/* End XCBuildConfiguration section */

/* Begin XCConfigurationList section */
		868679B91AF6995900C2EFA8 /* Build configuration list for PBXProject "KoreanClock" */ = {
			isa = XCConfigurationList;
			buildConfigurations = (
				868679DF1AF6995900C2EFA8 /* Debug */,
				868679E01AF6995900C2EFA8 /* Release */,
			);
			defaultConfigurationIsVisible = 0;
			defaultConfigurationName = Release;
		};
		868679E11AF6995900C2EFA8 /* Build configuration list for PBXNativeTarget "KoreanClock" */ = {
			isa = XCConfigurationList;
			buildConfigurations = (
				868679E21AF6995900C2EFA8 /* Debug */,
				868679E31AF6995900C2EFA8 /* Release */,
			);
			defaultConfigurationIsVisible = 0;
			defaultConfigurationName = Release;
		};
/* End XCConfigurationList section */
	};
	rootObject = 868679B61AF6995900C2EFA8 /* Project object */;
}
