// !$*UTF8*$!
{
	archiveVersion = 1;
	classes = {
	};
	objectVersion = 46;
	objects = {

/* Begin PBXBuildFile section */
		868679D21AF6995900C2EFA8 /* LaunchScreen.xib in Resources */ = {isa = PBXBuildFile; fileRef = 868679D01AF6995900C2EFA8 /* LaunchScreen.xib */; };
		868679EB1AF69A8000C2EFA8 /* Images.xcassets in Resources */ = {isa = PBXBuildFile; fileRef = 868679E81AF69A8000C2EFA8 /* Images.xcassets */; };
		868679EC1AF69A8000C2EFA8 /* Info.plist in Resources */ = {isa = PBXBuildFile; fileRef = 868679E91AF69A8000C2EFA8 /* Info.plist */; };
		868679ED1AF69A8000C2EFA8 /* main.m in Sources */ = {isa = PBXBuildFile; fileRef = 868679EA1AF69A8000C2EFA8 /* main.m */; };
		868679F11AF69AE300C2EFA8 /* AppDelegate.m in Sources */ = {isa = PBXBuildFile; fileRef = 868679F01AF69AE300C2EFA8 /* AppDelegate.m */; };
		868679F51AF69B3600C2EFA8 /* KCClockViewController.m in Sources */ = {isa = PBXBuildFile; fileRef = 868679F41AF69B3600C2EFA8 /* KCClockViewController.m */; };
		868679F91AF69F9300C2EFA8 /* KCCharacterView.m in Sources */ = {isa = PBXBuildFile; fileRef = 868679F81AF69F9300C2EFA8 /* KCCharacterView.m */; };
		868679FD1AF6A08400C2EFA8 /* KCDataUtility.m in Sources */ = {isa = PBXBuildFile; fileRef = 868679FC1AF6A08400C2EFA8 /* KCDataUtility.m */; };
		86867A001AF6AA8800C2EFA8 /* NSDate+KCExtension.m in Sources */ = {isa = PBXBuildFile; fileRef = 868679FF1AF6AA8800C2EFA8 /* NSDate+KCExtension.m */; };
		86867A0B1AF6C7DE00C2EFA8 /* InterfaceController.m in Sources */ = {isa = PBXBuildFile; fileRef = 86867A0A1AF6C7DE00C2EFA8 /* InterfaceController.m */; };
		86867A0D1AF6C7DE00C2EFA8 /* Images.xcassets in Resources */ = {isa = PBXBuildFile; fileRef = 86867A0C1AF6C7DE00C2EFA8 /* Images.xcassets */; };
		86867A111AF6C7DE00C2EFA8 /* KoreanClock WatchKit App.app in Resources */ = {isa = PBXBuildFile; fileRef = 86867A101AF6C7DE00C2EFA8 /* KoreanClock WatchKit App.app */; };
		86867A191AF6C7DE00C2EFA8 /* Interface.storyboard in Resources */ = {isa = PBXBuildFile; fileRef = 86867A171AF6C7DE00C2EFA8 /* Interface.storyboard */; };
		86867A1B1AF6C7DE00C2EFA8 /* Images.xcassets in Resources */ = {isa = PBXBuildFile; fileRef = 86867A1A1AF6C7DE00C2EFA8 /* Images.xcassets */; };
		86867A1E1AF6C7DE00C2EFA8 /* KoreanClock WatchKit Extension.appex in Embed App Extensions */ = {isa = PBXBuildFile; fileRef = 86867A051AF6C7DE00C2EFA8 /* KoreanClock WatchKit Extension.appex */; settings = {ATTRIBUTES = (RemoveHeadersOnCopy, ); }; };
		86867A2C1AF6CDEA00C2EFA8 /* NotificationCenter.framework in Frameworks */ = {isa = PBXBuildFile; fileRef = 86867A2B1AF6CDEA00C2EFA8 /* NotificationCenter.framework */; };
		86867A321AF6CDEB00C2EFA8 /* TodayViewController.m in Sources */ = {isa = PBXBuildFile; fileRef = 86867A311AF6CDEB00C2EFA8 /* TodayViewController.m */; };
		86867A341AF6CDEB00C2EFA8 /* MainInterface.storyboard in Resources */ = {isa = PBXBuildFile; fileRef = 86867A331AF6CDEB00C2EFA8 /* MainInterface.storyboard */; };
		86867A371AF6CDEB00C2EFA8 /* KoreanClockWidget.appex in Embed App Extensions */ = {isa = PBXBuildFile; fileRef = 86867A2A1AF6CDEA00C2EFA8 /* KoreanClockWidget.appex */; settings = {ATTRIBUTES = (RemoveHeadersOnCopy, ); }; };
		A47A447117D35F6B5A6DA503 /* libPods.a in Frameworks */ = {isa = PBXBuildFile; fileRef = 97064E658F7A481890EE4A8C /* libPods.a */; };
/* End PBXBuildFile section */

/* Begin PBXContainerItemProxy section */
		86867A121AF6C7DE00C2EFA8 /* PBXContainerItemProxy */ = {
			isa = PBXContainerItemProxy;
			containerPortal = 868679B61AF6995900C2EFA8 /* Project object */;
			proxyType = 1;
			remoteGlobalIDString = 86867A0F1AF6C7DE00C2EFA8;
			remoteInfo = "KoreanClock WatchKit App";
		};
		86867A1C1AF6C7DE00C2EFA8 /* PBXContainerItemProxy */ = {
			isa = PBXContainerItemProxy;
			containerPortal = 868679B61AF6995900C2EFA8 /* Project object */;
			proxyType = 1;
			remoteGlobalIDString = 86867A041AF6C7DE00C2EFA8;
			remoteInfo = "KoreanClock WatchKit Extension";
		};
		86867A351AF6CDEB00C2EFA8 /* PBXContainerItemProxy */ = {
			isa = PBXContainerItemProxy;
			containerPortal = 868679B61AF6995900C2EFA8 /* Project object */;
			proxyType = 1;
			remoteGlobalIDString = 86867A291AF6CDEA00C2EFA8;
			remoteInfo = KoreanClockWidget;
		};
/* End PBXContainerItemProxy section */

/* Begin PBXCopyFilesBuildPhase section */
		86867A251AF6C7DE00C2EFA8 /* Embed App Extensions */ = {
			isa = PBXCopyFilesBuildPhase;
			buildActionMask = 2147483647;
			dstPath = "";
			dstSubfolderSpec = 13;
			files = (
				86867A1E1AF6C7DE00C2EFA8 /* KoreanClock WatchKit Extension.appex in Embed App Extensions */,
				86867A371AF6CDEB00C2EFA8 /* KoreanClockWidget.appex in Embed App Extensions */,
			);
			name = "Embed App Extensions";
			runOnlyForDeploymentPostprocessing = 0;
		};
/* End PBXCopyFilesBuildPhase section */

/* Begin PBXFileReference section */
		868679BE1AF6995900C2EFA8 /* KoreanClock.app */ = {isa = PBXFileReference; explicitFileType = wrapper.application; includeInIndex = 0; path = KoreanClock.app; sourceTree = BUILT_PRODUCTS_DIR; };
		868679D11AF6995900C2EFA8 /* Base */ = {isa = PBXFileReference; lastKnownFileType = file.xib; name = Base; path = Base.lproj/LaunchScreen.xib; sourceTree = "<group>"; };
		868679E81AF69A8000C2EFA8 /* Images.xcassets */ = {isa = PBXFileReference; lastKnownFileType = folder.assetcatalog; path = Images.xcassets; sourceTree = "<group>"; };
		868679E91AF69A8000C2EFA8 /* Info.plist */ = {isa = PBXFileReference; fileEncoding = 4; lastKnownFileType = text.plist.xml; path = Info.plist; sourceTree = "<group>"; };
		868679EA1AF69A8000C2EFA8 /* main.m */ = {isa = PBXFileReference; fileEncoding = 4; lastKnownFileType = sourcecode.c.objc; path = main.m; sourceTree = "<group>"; };
		868679EF1AF69AE300C2EFA8 /* AppDelegate.h */ = {isa = PBXFileReference; fileEncoding = 4; lastKnownFileType = sourcecode.c.h; path = AppDelegate.h; sourceTree = "<group>"; };
		868679F01AF69AE300C2EFA8 /* AppDelegate.m */ = {isa = PBXFileReference; fileEncoding = 4; lastKnownFileType = sourcecode.c.objc; path = AppDelegate.m; sourceTree = "<group>"; };
		868679F31AF69B3600C2EFA8 /* KCClockViewController.h */ = {isa = PBXFileReference; fileEncoding = 4; lastKnownFileType = sourcecode.c.h; path = KCClockViewController.h; sourceTree = "<group>"; };
		868679F41AF69B3600C2EFA8 /* KCClockViewController.m */ = {isa = PBXFileReference; fileEncoding = 4; lastKnownFileType = sourcecode.c.objc; path = KCClockViewController.m; sourceTree = "<group>"; };
		868679F71AF69F9300C2EFA8 /* KCCharacterView.h */ = {isa = PBXFileReference; fileEncoding = 4; lastKnownFileType = sourcecode.c.h; path = KCCharacterView.h; sourceTree = "<group>"; };
		868679F81AF69F9300C2EFA8 /* KCCharacterView.m */ = {isa = PBXFileReference; fileEncoding = 4; lastKnownFileType = sourcecode.c.objc; path = KCCharacterView.m; sourceTree = "<group>"; };
		868679FB1AF6A08400C2EFA8 /* KCDataUtility.h */ = {isa = PBXFileReference; fileEncoding = 4; lastKnownFileType = sourcecode.c.h; path = KCDataUtility.h; sourceTree = "<group>"; };
		868679FC1AF6A08400C2EFA8 /* KCDataUtility.m */ = {isa = PBXFileReference; fileEncoding = 4; lastKnownFileType = sourcecode.c.objc; path = KCDataUtility.m; sourceTree = "<group>"; };
		868679FE1AF6AA8800C2EFA8 /* NSDate+KCExtension.h */ = {isa = PBXFileReference; fileEncoding = 4; lastKnownFileType = sourcecode.c.h; path = "NSDate+KCExtension.h"; sourceTree = "<group>"; };
		868679FF1AF6AA8800C2EFA8 /* NSDate+KCExtension.m */ = {isa = PBXFileReference; fileEncoding = 4; lastKnownFileType = sourcecode.c.objc; path = "NSDate+KCExtension.m"; sourceTree = "<group>"; };
		86867A051AF6C7DE00C2EFA8 /* KoreanClock WatchKit Extension.appex */ = {isa = PBXFileReference; explicitFileType = "wrapper.app-extension"; includeInIndex = 0; path = "KoreanClock WatchKit Extension.appex"; sourceTree = BUILT_PRODUCTS_DIR; };
		86867A081AF6C7DE00C2EFA8 /* Info.plist */ = {isa = PBXFileReference; lastKnownFileType = text.plist.xml; path = Info.plist; sourceTree = "<group>"; };
		86867A091AF6C7DE00C2EFA8 /* InterfaceController.h */ = {isa = PBXFileReference; lastKnownFileType = sourcecode.c.h; path = InterfaceController.h; sourceTree = "<group>"; };
		86867A0A1AF6C7DE00C2EFA8 /* InterfaceController.m */ = {isa = PBXFileReference; lastKnownFileType = sourcecode.c.objc; path = InterfaceController.m; sourceTree = "<group>"; };
		86867A0C1AF6C7DE00C2EFA8 /* Images.xcassets */ = {isa = PBXFileReference; lastKnownFileType = folder.assetcatalog; path = Images.xcassets; sourceTree = "<group>"; };
		86867A101AF6C7DE00C2EFA8 /* KoreanClock WatchKit App.app */ = {isa = PBXFileReference; explicitFileType = wrapper.application; includeInIndex = 0; path = "KoreanClock WatchKit App.app"; sourceTree = BUILT_PRODUCTS_DIR; };
		86867A161AF6C7DE00C2EFA8 /* Info.plist */ = {isa = PBXFileReference; lastKnownFileType = text.plist.xml; path = Info.plist; sourceTree = "<group>"; };
		86867A181AF6C7DE00C2EFA8 /* Base */ = {isa = PBXFileReference; lastKnownFileType = file.storyboard; name = Base; path = Base.lproj/Interface.storyboard; sourceTree = "<group>"; };
		86867A1A1AF6C7DE00C2EFA8 /* Images.xcassets */ = {isa = PBXFileReference; lastKnownFileType = folder.assetcatalog; path = Images.xcassets; sourceTree = "<group>"; };
		86867A2A1AF6CDEA00C2EFA8 /* KoreanClockWidget.appex */ = {isa = PBXFileReference; explicitFileType = "wrapper.app-extension"; includeInIndex = 0; path = KoreanClockWidget.appex; sourceTree = BUILT_PRODUCTS_DIR; };
		86867A2B1AF6CDEA00C2EFA8 /* NotificationCenter.framework */ = {isa = PBXFileReference; lastKnownFileType = wrapper.framework; name = NotificationCenter.framework; path = System/Library/Frameworks/NotificationCenter.framework; sourceTree = SDKROOT; };
		86867A2F1AF6CDEB00C2EFA8 /* Info.plist */ = {isa = PBXFileReference; lastKnownFileType = text.plist.xml; path = Info.plist; sourceTree = "<group>"; };
		86867A301AF6CDEB00C2EFA8 /* TodayViewController.h */ = {isa = PBXFileReference; lastKnownFileType = sourcecode.c.h; path = TodayViewController.h; sourceTree = "<group>"; };
		86867A311AF6CDEB00C2EFA8 /* TodayViewController.m */ = {isa = PBXFileReference; lastKnownFileType = sourcecode.c.objc; path = TodayViewController.m; sourceTree = "<group>"; };
		86867A331AF6CDEB00C2EFA8 /* MainInterface.storyboard */ = {isa = PBXFileReference; lastKnownFileType = file.storyboard; path = MainInterface.storyboard; sourceTree = "<group>"; };
		92D27B036FFA9A784B642CA2 /* Pods.debug.xcconfig */ = {isa = PBXFileReference; includeInIndex = 1; lastKnownFileType = text.xcconfig; name = Pods.debug.xcconfig; path = "Pods/Target Support Files/Pods/Pods.debug.xcconfig"; sourceTree = "<group>"; };
		97064E658F7A481890EE4A8C /* libPods.a */ = {isa = PBXFileReference; explicitFileType = archive.ar; includeInIndex = 0; path = libPods.a; sourceTree = BUILT_PRODUCTS_DIR; };
		A8EB4B66FD862019B4E17408 /* Pods.release.xcconfig */ = {isa = PBXFileReference; includeInIndex = 1; lastKnownFileType = text.xcconfig; name = Pods.release.xcconfig; path = "Pods/Target Support Files/Pods/Pods.release.xcconfig"; sourceTree = "<group>"; };
/* End PBXFileReference section */

/* Begin PBXFrameworksBuildPhase section */
		868679BB1AF6995900C2EFA8 /* Frameworks */ = {
			isa = PBXFrameworksBuildPhase;
			buildActionMask = 2147483647;
			files = (
				A47A447117D35F6B5A6DA503 /* libPods.a in Frameworks */,
			);
			runOnlyForDeploymentPostprocessing = 0;
		};
		86867A021AF6C7DE00C2EFA8 /* Frameworks */ = {
			isa = PBXFrameworksBuildPhase;
			buildActionMask = 2147483647;
			files = (
			);
			runOnlyForDeploymentPostprocessing = 0;
		};
		86867A271AF6CDEA00C2EFA8 /* Frameworks */ = {
			isa = PBXFrameworksBuildPhase;
			buildActionMask = 2147483647;
			files = (
				86867A2C1AF6CDEA00C2EFA8 /* NotificationCenter.framework in Frameworks */,
			);
			runOnlyForDeploymentPostprocessing = 0;
		};
/* End PBXFrameworksBuildPhase section */

/* Begin PBXGroup section */
		7D106E44374BD1F415AE5DB1 /* Frameworks */ = {
			isa = PBXGroup;
			children = (
				97064E658F7A481890EE4A8C /* libPods.a */,
				86867A2B1AF6CDEA00C2EFA8 /* NotificationCenter.framework */,
			);
			name = Frameworks;
			sourceTree = "<group>";
		};
		868679B51AF6995900C2EFA8 = {
			isa = PBXGroup;
			children = (
				868679C01AF6995900C2EFA8 /* KoreanClock */,
				86867A061AF6C7DE00C2EFA8 /* KoreanClock WatchKit Extension */,
				86867A141AF6C7DE00C2EFA8 /* KoreanClock WatchKit App */,
				86867A2D1AF6CDEB00C2EFA8 /* KoreanClockWidget */,
				868679BF1AF6995900C2EFA8 /* Products */,
				E48EB0CD101355F57DC40C31 /* Pods */,
				7D106E44374BD1F415AE5DB1 /* Frameworks */,
			);
			sourceTree = "<group>";
		};
		868679BF1AF6995900C2EFA8 /* Products */ = {
			isa = PBXGroup;
			children = (
				868679BE1AF6995900C2EFA8 /* KoreanClock.app */,
				86867A051AF6C7DE00C2EFA8 /* KoreanClock WatchKit Extension.appex */,
				86867A101AF6C7DE00C2EFA8 /* KoreanClock WatchKit App.app */,
				86867A2A1AF6CDEA00C2EFA8 /* KoreanClockWidget.appex */,
			);
			name = Products;
			sourceTree = "<group>";
		};
		868679C01AF6995900C2EFA8 /* KoreanClock */ = {
			isa = PBXGroup;
			children = (
				868679EE1AF69AE300C2EFA8 /* AppDelegate */,
				868679FA1AF6A07800C2EFA8 /* Utility */,
				868679F61AF69F7D00C2EFA8 /* KCCharacterView */,
				868679F21AF69B2C00C2EFA8 /* KCClockViewController */,
				868679E71AF69A8000C2EFA8 /* Supporting Files */,
				868679D01AF6995900C2EFA8 /* LaunchScreen.xib */,
			);
			path = KoreanClock;
			sourceTree = "<group>";
		};
		868679E71AF69A8000C2EFA8 /* Supporting Files */ = {
			isa = PBXGroup;
			children = (
				868679E81AF69A8000C2EFA8 /* Images.xcassets */,
				868679E91AF69A8000C2EFA8 /* Info.plist */,
				868679EA1AF69A8000C2EFA8 /* main.m */,
			);
			path = "Supporting Files";
			sourceTree = "<group>";
		};
		868679EE1AF69AE300C2EFA8 /* AppDelegate */ = {
			isa = PBXGroup;
			children = (
				868679EF1AF69AE300C2EFA8 /* AppDelegate.h */,
				868679F01AF69AE300C2EFA8 /* AppDelegate.m */,
			);
			path = AppDelegate;
			sourceTree = "<group>";
		};
		868679F21AF69B2C00C2EFA8 /* KCClockViewController */ = {
			isa = PBXGroup;
			children = (
				868679F31AF69B3600C2EFA8 /* KCClockViewController.h */,
				868679F41AF69B3600C2EFA8 /* KCClockViewController.m */,
			);
			path = KCClockViewController;
			sourceTree = "<group>";
		};
		868679F61AF69F7D00C2EFA8 /* KCCharacterView */ = {
			isa = PBXGroup;
			children = (
				868679F71AF69F9300C2EFA8 /* KCCharacterView.h */,
				868679F81AF69F9300C2EFA8 /* KCCharacterView.m */,
			);
			path = KCCharacterView;
			sourceTree = "<group>";
		};
		868679FA1AF6A07800C2EFA8 /* Utility */ = {
			isa = PBXGroup;
			children = (
				868679FB1AF6A08400C2EFA8 /* KCDataUtility.h */,
				868679FC1AF6A08400C2EFA8 /* KCDataUtility.m */,
				868679FE1AF6AA8800C2EFA8 /* NSDate+KCExtension.h */,
				868679FF1AF6AA8800C2EFA8 /* NSDate+KCExtension.m */,
			);
			path = Utility;
			sourceTree = "<group>";
		};
		86867A061AF6C7DE00C2EFA8 /* KoreanClock WatchKit Extension */ = {
			isa = PBXGroup;
			children = (
				86867A091AF6C7DE00C2EFA8 /* InterfaceController.h */,
				86867A0A1AF6C7DE00C2EFA8 /* InterfaceController.m */,
				86867A0C1AF6C7DE00C2EFA8 /* Images.xcassets */,
				86867A071AF6C7DE00C2EFA8 /* Supporting Files */,
			);
			path = "KoreanClock WatchKit Extension";
			sourceTree = "<group>";
		};
		86867A071AF6C7DE00C2EFA8 /* Supporting Files */ = {
			isa = PBXGroup;
			children = (
				86867A081AF6C7DE00C2EFA8 /* Info.plist */,
			);
			name = "Supporting Files";
			sourceTree = "<group>";
		};
		86867A141AF6C7DE00C2EFA8 /* KoreanClock WatchKit App */ = {
			isa = PBXGroup;
			children = (
				86867A171AF6C7DE00C2EFA8 /* Interface.storyboard */,
				86867A1A1AF6C7DE00C2EFA8 /* Images.xcassets */,
				86867A151AF6C7DE00C2EFA8 /* Supporting Files */,
			);
			path = "KoreanClock WatchKit App";
			sourceTree = "<group>";
		};
		86867A151AF6C7DE00C2EFA8 /* Supporting Files */ = {
			isa = PBXGroup;
			children = (
				86867A161AF6C7DE00C2EFA8 /* Info.plist */,
			);
			name = "Supporting Files";
			sourceTree = "<group>";
		};
		86867A2D1AF6CDEB00C2EFA8 /* KoreanClockWidget */ = {
			isa = PBXGroup;
			children = (
				86867A301AF6CDEB00C2EFA8 /* TodayViewController.h */,
				86867A311AF6CDEB00C2EFA8 /* TodayViewController.m */,
				86867A331AF6CDEB00C2EFA8 /* MainInterface.storyboard */,
				86867A2E1AF6CDEB00C2EFA8 /* Supporting Files */,
			);
			path = KoreanClockWidget;
			sourceTree = "<group>";
		};
		86867A2E1AF6CDEB00C2EFA8 /* Supporting Files */ = {
			isa = PBXGroup;
			children = (
				86867A2F1AF6CDEB00C2EFA8 /* Info.plist */,
			);
			name = "Supporting Files";
			sourceTree = "<group>";
		};
		E48EB0CD101355F57DC40C31 /* Pods */ = {
			isa = PBXGroup;
			children = (
				92D27B036FFA9A784B642CA2 /* Pods.debug.xcconfig */,
				A8EB4B66FD862019B4E17408 /* Pods.release.xcconfig */,
			);
			name = Pods;
			sourceTree = "<group>";
		};
/* End PBXGroup section */

/* Begin PBXNativeTarget section */
		868679BD1AF6995900C2EFA8 /* KoreanClock */ = {
			isa = PBXNativeTarget;
			buildConfigurationList = 868679E11AF6995900C2EFA8 /* Build configuration list for PBXNativeTarget "KoreanClock" */;
			buildPhases = (
				30614914A22478FBD9DC65AF /* Check Pods Manifest.lock */,
				868679BA1AF6995900C2EFA8 /* Sources */,
				868679BB1AF6995900C2EFA8 /* Frameworks */,
				868679BC1AF6995900C2EFA8 /* Resources */,
				BD1CDEF6F3BBE598D1CD8ABA /* Copy Pods Resources */,
				86867A251AF6C7DE00C2EFA8 /* Embed App Extensions */,
			);
			buildRules = (
			);
			dependencies = (
				86867A1D1AF6C7DE00C2EFA8 /* PBXTargetDependency */,
				86867A361AF6CDEB00C2EFA8 /* PBXTargetDependency */,
			);
			name = KoreanClock;
			productName = KoreanClock;
			productReference = 868679BE1AF6995900C2EFA8 /* KoreanClock.app */;
			productType = "com.apple.product-type.application";
		};
		86867A041AF6C7DE00C2EFA8 /* KoreanClock WatchKit Extension */ = {
			isa = PBXNativeTarget;
			buildConfigurationList = 86867A241AF6C7DE00C2EFA8 /* Build configuration list for PBXNativeTarget "KoreanClock WatchKit Extension" */;
			buildPhases = (
				86867A011AF6C7DE00C2EFA8 /* Sources */,
				86867A021AF6C7DE00C2EFA8 /* Frameworks */,
				86867A031AF6C7DE00C2EFA8 /* Resources */,
			);
			buildRules = (
			);
			dependencies = (
				86867A131AF6C7DE00C2EFA8 /* PBXTargetDependency */,
			);
			name = "KoreanClock WatchKit Extension";
			productName = "KoreanClock WatchKit Extension";
			productReference = 86867A051AF6C7DE00C2EFA8 /* KoreanClock WatchKit Extension.appex */;
			productType = "com.apple.product-type.watchkit-extension";
		};
		86867A0F1AF6C7DE00C2EFA8 /* KoreanClock WatchKit App */ = {
			isa = PBXNativeTarget;
			buildConfigurationList = 86867A231AF6C7DE00C2EFA8 /* Build configuration list for PBXNativeTarget "KoreanClock WatchKit App" */;
			buildPhases = (
				86867A0E1AF6C7DE00C2EFA8 /* Resources */,
			);
			buildRules = (
			);
			dependencies = (
			);
			name = "KoreanClock WatchKit App";
			productName = "KoreanClock WatchKit App";
			productReference = 86867A101AF6C7DE00C2EFA8 /* KoreanClock WatchKit App.app */;
			productType = "com.apple.product-type.application.watchapp";
		};
		86867A291AF6CDEA00C2EFA8 /* KoreanClockWidget */ = {
			isa = PBXNativeTarget;
			buildConfigurationList = 86867A3A1AF6CDEB00C2EFA8 /* Build configuration list for PBXNativeTarget "KoreanClockWidget" */;
			buildPhases = (
				86867A261AF6CDEA00C2EFA8 /* Sources */,
				86867A271AF6CDEA00C2EFA8 /* Frameworks */,
				86867A281AF6CDEA00C2EFA8 /* Resources */,
			);
			buildRules = (
			);
			dependencies = (
			);
			name = KoreanClockWidget;
			productName = KoreanClockWidget;
			productReference = 86867A2A1AF6CDEA00C2EFA8 /* KoreanClockWidget.appex */;
			productType = "com.apple.product-type.app-extension";
		};
/* End PBXNativeTarget section */

/* Begin PBXProject section */
		868679B61AF6995900C2EFA8 /* Project object */ = {
			isa = PBXProject;
			attributes = {
				LastUpgradeCheck = 0630;
				ORGANIZATIONNAME = USAIU;
				TargetAttributes = {
					868679BD1AF6995900C2EFA8 = {
						CreatedOnToolsVersion = 6.3.1;
					};
					86867A041AF6C7DE00C2EFA8 = {
						CreatedOnToolsVersion = 6.3.1;
					};
					86867A0F1AF6C7DE00C2EFA8 = {
						CreatedOnToolsVersion = 6.3.1;
					};
					86867A291AF6CDEA00C2EFA8 = {
						CreatedOnToolsVersion = 6.3.1;
					};
				};
			};
			buildConfigurationList = 868679B91AF6995900C2EFA8 /* Build configuration list for PBXProject "KoreanClock" */;
			compatibilityVersion = "Xcode 3.2";
			developmentRegion = English;
			hasScannedForEncodings = 0;
			knownRegions = (
				en,
				Base,
			);
			mainGroup = 868679B51AF6995900C2EFA8;
			productRefGroup = 868679BF1AF6995900C2EFA8 /* Products */;
			projectDirPath = "";
			projectRoot = "";
			targets = (
				868679BD1AF6995900C2EFA8 /* KoreanClock */,
				86867A041AF6C7DE00C2EFA8 /* KoreanClock WatchKit Extension */,
				86867A0F1AF6C7DE00C2EFA8 /* KoreanClock WatchKit App */,
				86867A291AF6CDEA00C2EFA8 /* KoreanClockWidget */,
			);
		};
/* End PBXProject section */

/* Begin PBXResourcesBuildPhase section */
		868679BC1AF6995900C2EFA8 /* Resources */ = {
			isa = PBXResourcesBuildPhase;
			buildActionMask = 2147483647;
			files = (
				868679EC1AF69A8000C2EFA8 /* Info.plist in Resources */,
				868679EB1AF69A8000C2EFA8 /* Images.xcassets in Resources */,
				868679D21AF6995900C2EFA8 /* LaunchScreen.xib in Resources */,
			);
			runOnlyForDeploymentPostprocessing = 0;
		};
		86867A031AF6C7DE00C2EFA8 /* Resources */ = {
			isa = PBXResourcesBuildPhase;
			buildActionMask = 2147483647;
			files = (
				86867A0D1AF6C7DE00C2EFA8 /* Images.xcassets in Resources */,
				86867A111AF6C7DE00C2EFA8 /* KoreanClock WatchKit App.app in Resources */,
			);
			runOnlyForDeploymentPostprocessing = 0;
		};
		86867A0E1AF6C7DE00C2EFA8 /* Resources */ = {
			isa = PBXResourcesBuildPhase;
			buildActionMask = 2147483647;
			files = (
				86867A191AF6C7DE00C2EFA8 /* Interface.storyboard in Resources */,
				86867A1B1AF6C7DE00C2EFA8 /* Images.xcassets in Resources */,
			);
			runOnlyForDeploymentPostprocessing = 0;
		};
		86867A281AF6CDEA00C2EFA8 /* Resources */ = {
			isa = PBXResourcesBuildPhase;
			buildActionMask = 2147483647;
			files = (
				86867A341AF6CDEB00C2EFA8 /* MainInterface.storyboard in Resources */,
			);
			runOnlyForDeploymentPostprocessing = 0;
		};
/* End PBXResourcesBuildPhase section */

/* Begin PBXShellScriptBuildPhase section */
		30614914A22478FBD9DC65AF /* Check Pods Manifest.lock */ = {
			isa = PBXShellScriptBuildPhase;
			buildActionMask = 2147483647;
			files = (
			);
			inputPaths = (
			);
			name = "Check Pods Manifest.lock";
			outputPaths = (
			);
			runOnlyForDeploymentPostprocessing = 0;
			shellPath = /bin/sh;
			shellScript = "diff \"${PODS_ROOT}/../Podfile.lock\" \"${PODS_ROOT}/Manifest.lock\" > /dev/null\nif [[ $? != 0 ]] ; then\n    cat << EOM\nerror: The sandbox is not in sync with the Podfile.lock. Run 'pod install' or update your CocoaPods installation.\nEOM\n    exit 1\nfi\n";
			showEnvVarsInLog = 0;
		};
		BD1CDEF6F3BBE598D1CD8ABA /* Copy Pods Resources */ = {
			isa = PBXShellScriptBuildPhase;
			buildActionMask = 2147483647;
			files = (
			);
			inputPaths = (
			);
			name = "Copy Pods Resources";
			outputPaths = (
			);
			runOnlyForDeploymentPostprocessing = 0;
			shellPath = /bin/sh;
			shellScript = "\"${SRCROOT}/Pods/Target Support Files/Pods/Pods-resources.sh\"\n";
			showEnvVarsInLog = 0;
		};
/* End PBXShellScriptBuildPhase section */

/* Begin PBXSourcesBuildPhase section */
		868679BA1AF6995900C2EFA8 /* Sources */ = {
			isa = PBXSourcesBuildPhase;
			buildActionMask = 2147483647;
			files = (
				86867A001AF6AA8800C2EFA8 /* NSDate+KCExtension.m in Sources */,
				868679F51AF69B3600C2EFA8 /* KCClockViewController.m in Sources */,
				868679FD1AF6A08400C2EFA8 /* KCDataUtility.m in Sources */,
				868679F11AF69AE300C2EFA8 /* AppDelegate.m in Sources */,
				868679F91AF69F9300C2EFA8 /* KCCharacterView.m in Sources */,
				868679ED1AF69A8000C2EFA8 /* main.m in Sources */,
			);
			runOnlyForDeploymentPostprocessing = 0;
		};
		86867A011AF6C7DE00C2EFA8 /* Sources */ = {
			isa = PBXSourcesBuildPhase;
			buildActionMask = 2147483647;
			files = (
				86867A0B1AF6C7DE00C2EFA8 /* InterfaceController.m in Sources */,
			);
			runOnlyForDeploymentPostprocessing = 0;
		};
		86867A261AF6CDEA00C2EFA8 /* Sources */ = {
			isa = PBXSourcesBuildPhase;
			buildActionMask = 2147483647;
			files = (
				86867A321AF6CDEB00C2EFA8 /* TodayViewController.m in Sources */,
			);
			runOnlyForDeploymentPostprocessing = 0;
		};
/* End PBXSourcesBuildPhase section */

/* Begin PBXTargetDependency section */
		86867A131AF6C7DE00C2EFA8 /* PBXTargetDependency */ = {
			isa = PBXTargetDependency;
			target = 86867A0F1AF6C7DE00C2EFA8 /* KoreanClock WatchKit App */;
			targetProxy = 86867A121AF6C7DE00C2EFA8 /* PBXContainerItemProxy */;
		};
		86867A1D1AF6C7DE00C2EFA8 /* PBXTargetDependency */ = {
			isa = PBXTargetDependency;
			target = 86867A041AF6C7DE00C2EFA8 /* KoreanClock WatchKit Extension */;
			targetProxy = 86867A1C1AF6C7DE00C2EFA8 /* PBXContainerItemProxy */;
		};
		86867A361AF6CDEB00C2EFA8 /* PBXTargetDependency */ = {
			isa = PBXTargetDependency;
			target = 86867A291AF6CDEA00C2EFA8 /* KoreanClockWidget */;
			targetProxy = 86867A351AF6CDEB00C2EFA8 /* PBXContainerItemProxy */;
		};
/* End PBXTargetDependency section */

/* Begin PBXVariantGroup section */
		868679D01AF6995900C2EFA8 /* LaunchScreen.xib */ = {
			isa = PBXVariantGroup;
			children = (
				868679D11AF6995900C2EFA8 /* Base */,
			);
			name = LaunchScreen.xib;
			sourceTree = "<group>";
		};
		86867A171AF6C7DE00C2EFA8 /* Interface.storyboard */ = {
			isa = PBXVariantGroup;
			children = (
				86867A181AF6C7DE00C2EFA8 /* Base */,
			);
			name = Interface.storyboard;
			sourceTree = "<group>";
		};
/* End PBXVariantGroup section */

/* Begin XCBuildConfiguration section */
		868679DF1AF6995900C2EFA8 /* Debug */ = {
			isa = XCBuildConfiguration;
			buildSettings = {
				ALWAYS_SEARCH_USER_PATHS = NO;
				CLANG_CXX_LANGUAGE_STANDARD = "gnu++0x";
				CLANG_CXX_LIBRARY = "libc++";
				CLANG_ENABLE_MODULES = YES;
				CLANG_ENABLE_OBJC_ARC = YES;
				CLANG_WARN_BOOL_CONVERSION = YES;
				CLANG_WARN_CONSTANT_CONVERSION = YES;
				CLANG_WARN_DIRECT_OBJC_ISA_USAGE = YES_ERROR;
				CLANG_WARN_EMPTY_BODY = YES;
				CLANG_WARN_ENUM_CONVERSION = YES;
				CLANG_WARN_INT_CONVERSION = YES;
				CLANG_WARN_OBJC_ROOT_CLASS = YES_ERROR;
				CLANG_WARN_UNREACHABLE_CODE = YES;
				CLANG_WARN__DUPLICATE_METHOD_MATCH = YES;
				"CODE_SIGN_IDENTITY[sdk=iphoneos*]" = "iPhone Developer";
				COPY_PHASE_STRIP = NO;
				DEBUG_INFORMATION_FORMAT = "dwarf-with-dsym";
				ENABLE_STRICT_OBJC_MSGSEND = YES;
				GCC_C_LANGUAGE_STANDARD = gnu99;
				GCC_DYNAMIC_NO_PIC = NO;
				GCC_NO_COMMON_BLOCKS = YES;
				GCC_OPTIMIZATION_LEVEL = 0;
				GCC_PREPROCESSOR_DEFINITIONS = (
					"DEBUG=1",
					"$(inherited)",
				);
				GCC_SYMBOLS_PRIVATE_EXTERN = NO;
				GCC_WARN_64_TO_32_BIT_CONVERSION = YES;
				GCC_WARN_ABOUT_RETURN_TYPE = YES_ERROR;
				GCC_WARN_UNDECLARED_SELECTOR = YES;
				GCC_WARN_UNINITIALIZED_AUTOS = YES_AGGRESSIVE;
				GCC_WARN_UNUSED_FUNCTION = YES;
				GCC_WARN_UNUSED_VARIABLE = YES;
				IPHONEOS_DEPLOYMENT_TARGET = 8.0;
				MTL_ENABLE_DEBUG_INFO = YES;
				ONLY_ACTIVE_ARCH = YES;
				SDKROOT = iphoneos;
			};
			name = Debug;
		};
		868679E01AF6995900C2EFA8 /* Release */ = {
			isa = XCBuildConfiguration;
			buildSettings = {
				ALWAYS_SEARCH_USER_PATHS = NO;
				CLANG_CXX_LANGUAGE_STANDARD = "gnu++0x";
				CLANG_CXX_LIBRARY = "libc++";
				CLANG_ENABLE_MODULES = YES;
				CLANG_ENABLE_OBJC_ARC = YES;
				CLANG_WARN_BOOL_CONVERSION = YES;
				CLANG_WARN_CONSTANT_CONVERSION = YES;
				CLANG_WARN_DIRECT_OBJC_ISA_USAGE = YES_ERROR;
				CLANG_WARN_EMPTY_BODY = YES;
				CLANG_WARN_ENUM_CONVERSION = YES;
				CLANG_WARN_INT_CONVERSION = YES;
				CLANG_WARN_OBJC_ROOT_CLASS = YES_ERROR;
				CLANG_WARN_UNREACHABLE_CODE = YES;
				CLANG_WARN__DUPLICATE_METHOD_MATCH = YES;
				"CODE_SIGN_IDENTITY[sdk=iphoneos*]" = "iPhone Developer";
				COPY_PHASE_STRIP = NO;
				DEBUG_INFORMATION_FORMAT = "dwarf-with-dsym";
				ENABLE_NS_ASSERTIONS = NO;
				ENABLE_STRICT_OBJC_MSGSEND = YES;
				GCC_C_LANGUAGE_STANDARD = gnu99;
				GCC_NO_COMMON_BLOCKS = YES;
				GCC_WARN_64_TO_32_BIT_CONVERSION = YES;
				GCC_WARN_ABOUT_RETURN_TYPE = YES_ERROR;
				GCC_WARN_UNDECLARED_SELECTOR = YES;
				GCC_WARN_UNINITIALIZED_AUTOS = YES_AGGRESSIVE;
				GCC_WARN_UNUSED_FUNCTION = YES;
				GCC_WARN_UNUSED_VARIABLE = YES;
				IPHONEOS_DEPLOYMENT_TARGET = 8.0;
				MTL_ENABLE_DEBUG_INFO = NO;
				SDKROOT = iphoneos;
				VALIDATE_PRODUCT = YES;
			};
			name = Release;
		};
		868679E21AF6995900C2EFA8 /* Debug */ = {
			isa = XCBuildConfiguration;
			baseConfigurationReference = 92D27B036FFA9A784B642CA2 /* Pods.debug.xcconfig */;
			buildSettings = {
				ASSETCATALOG_COMPILER_APPICON_NAME = AppIcon;
				INFOPLIST_FILE = "$(SRCROOT)/KoreanClock/Supporting Files/Info.plist";
				LD_RUNPATH_SEARCH_PATHS = "$(inherited) @executable_path/Frameworks";
				PRODUCT_NAME = "$(TARGET_NAME)";
			};
			name = Debug;
		};
		868679E31AF6995900C2EFA8 /* Release */ = {
			isa = XCBuildConfiguration;
			baseConfigurationReference = A8EB4B66FD862019B4E17408 /* Pods.release.xcconfig */;
			buildSettings = {
				ASSETCATALOG_COMPILER_APPICON_NAME = AppIcon;
				INFOPLIST_FILE = "$(SRCROOT)/KoreanClock/Supporting Files/Info.plist";
				LD_RUNPATH_SEARCH_PATHS = "$(inherited) @executable_path/Frameworks";
				PRODUCT_NAME = "$(TARGET_NAME)";
			};
			name = Release;
		};
		86867A1F1AF6C7DE00C2EFA8 /* Debug */ = {
			isa = XCBuildConfiguration;
			buildSettings = {
				GCC_PREPROCESSOR_DEFINITIONS = (
					"DEBUG=1",
					"$(inherited)",
				);
				INFOPLIST_FILE = "KoreanClock WatchKit Extension/Info.plist";
				IPHONEOS_DEPLOYMENT_TARGET = 8.2;
				LD_RUNPATH_SEARCH_PATHS = "$(inherited) @executable_path/Frameworks @executable_path/../../Frameworks";
				PRODUCT_NAME = "${TARGET_NAME}";
				SKIP_INSTALL = YES;
			};
			name = Debug;
		};
		86867A201AF6C7DE00C2EFA8 /* Release */ = {
			isa = XCBuildConfiguration;
			buildSettings = {
				INFOPLIST_FILE = "KoreanClock WatchKit Extension/Info.plist";
				IPHONEOS_DEPLOYMENT_TARGET = 8.2;
				LD_RUNPATH_SEARCH_PATHS = "$(inherited) @executable_path/Frameworks @executable_path/../../Frameworks";
				PRODUCT_NAME = "${TARGET_NAME}";
				SKIP_INSTALL = YES;
			};
			name = Release;
		};
		86867A211AF6C7DE00C2EFA8 /* Debug */ = {
			isa = XCBuildConfiguration;
			buildSettings = {
				ASSETCATALOG_COMPILER_APPICON_NAME = AppIcon;
				GCC_PREPROCESSOR_DEFINITIONS = (
					"DEBUG=1",
					"$(inherited)",
				);
				IBSC_MODULE = KoreanClock_WatchKit_Extension;
				INFOPLIST_FILE = "KoreanClock WatchKit App/Info.plist";
				IPHONEOS_DEPLOYMENT_TARGET = 8.2;
				PRODUCT_NAME = "$(TARGET_NAME)";
				SKIP_INSTALL = YES;
				TARGETED_DEVICE_FAMILY = 4;
				"TARGETED_DEVICE_FAMILY[sdk=iphonesimulator*]" = "1,4";
			};
			name = Debug;
		};
		86867A221AF6C7DE00C2EFA8 /* Release */ = {
			isa = XCBuildConfiguration;
			buildSettings = {
				ASSETCATALOG_COMPILER_APPICON_NAME = AppIcon;
				IBSC_MODULE = KoreanClock_WatchKit_Extension;
				INFOPLIST_FILE = "KoreanClock WatchKit App/Info.plist";
				IPHONEOS_DEPLOYMENT_TARGET = 8.2;
				PRODUCT_NAME = "$(TARGET_NAME)";
				SKIP_INSTALL = YES;
				TARGETED_DEVICE_FAMILY = 4;
				"TARGETED_DEVICE_FAMILY[sdk=iphonesimulator*]" = "1,4";
			};
			name = Release;
		};
		86867A381AF6CDEB00C2EFA8 /* Debug */ = {
			isa = XCBuildConfiguration;
			buildSettings = {
				GCC_PREPROCESSOR_DEFINITIONS = (
					"DEBUG=1",
					"$(inherited)",
				);
				INFOPLIST_FILE = KoreanClockWidget/Info.plist;
				IPHONEOS_DEPLOYMENT_TARGET = 8.3;
				LD_RUNPATH_SEARCH_PATHS = "$(inherited) @executable_path/Frameworks @executable_path/../../Frameworks";
				PRODUCT_NAME = "$(TARGET_NAME)";
				SKIP_INSTALL = YES;
			};
			name = Debug;
		};
		86867A391AF6CDEB00C2EFA8 /* Release */ = {
			isa = XCBuildConfiguration;
			buildSettings = {
				INFOPLIST_FILE = KoreanClockWidget/Info.plist;
				IPHONEOS_DEPLOYMENT_TARGET = 8.3;
				LD_RUNPATH_SEARCH_PATHS = "$(inherited) @executable_path/Frameworks @executable_path/../../Frameworks";
				PRODUCT_NAME = "$(TARGET_NAME)";
				SKIP_INSTALL = YES;
			};
			name = Release;
		};
/* End XCBuildConfiguration section */

/* Begin XCConfigurationList section */
		868679B91AF6995900C2EFA8 /* Build configuration list for PBXProject "KoreanClock" */ = {
			isa = XCConfigurationList;
			buildConfigurations = (
				868679DF1AF6995900C2EFA8 /* Debug */,
				868679E01AF6995900C2EFA8 /* Release */,
			);
			defaultConfigurationIsVisible = 0;
			defaultConfigurationName = Release;
		};
		868679E11AF6995900C2EFA8 /* Build configuration list for PBXNativeTarget "KoreanClock" */ = {
			isa = XCConfigurationList;
			buildConfigurations = (
				868679E21AF6995900C2EFA8 /* Debug */,
				868679E31AF6995900C2EFA8 /* Release */,
			);
			defaultConfigurationIsVisible = 0;
			defaultConfigurationName = Release;
		};
		86867A231AF6C7DE00C2EFA8 /* Build configuration list for PBXNativeTarget "KoreanClock WatchKit App" */ = {
			isa = XCConfigurationList;
			buildConfigurations = (
				86867A211AF6C7DE00C2EFA8 /* Debug */,
				86867A221AF6C7DE00C2EFA8 /* Release */,
			);
			defaultConfigurationIsVisible = 0;
			defaultConfigurationName = Release;
		};
		86867A241AF6C7DE00C2EFA8 /* Build configuration list for PBXNativeTarget "KoreanClock WatchKit Extension" */ = {
			isa = XCConfigurationList;
			buildConfigurations = (
				86867A1F1AF6C7DE00C2EFA8 /* Debug */,
				86867A201AF6C7DE00C2EFA8 /* Release */,
			);
			defaultConfigurationIsVisible = 0;
			defaultConfigurationName = Release;
		};
		86867A3A1AF6CDEB00C2EFA8 /* Build configuration list for PBXNativeTarget "KoreanClockWidget" */ = {
			isa = XCConfigurationList;
			buildConfigurations = (
				86867A381AF6CDEB00C2EFA8 /* Debug */,
				86867A391AF6CDEB00C2EFA8 /* Release */,
			);
			defaultConfigurationIsVisible = 0;
		};
/* End XCConfigurationList section */
	};
	rootObject = 868679B61AF6995900C2EFA8 /* Project object */;
}
